
Microsoft Visual Studio Solution File, Format Version 12.00
# Visual Studio 15
VisualStudioVersion = 15.0.27130.2027
MinimumVisualStudioVersion = 10.0.40219.1
Project("{FAE04EC0-301F-11D3-BF4B-00C04F79EFBC}") = "RazorPageMovie", "RazorPageMovie\RazorPageMovie.csproj", "{031786B8-6BF4-4A9A-B88B-30E583B6AF43}"
EndProject
Project("{E53339B2-1760-4266-BCC7-CA923CBCF16C}") = "docker-compose", "docker-compose.dcproj", "{32218A8B-026B-4020-B248-28DF004A0854}"
EndProject
Global
	GlobalSection(SolutionConfigurationPlatforms) = preSolution
		Debug|Any CPU = Debug|Any CPU
		Release|Any CPU = Release|Any CPU
	EndGlobalSection
	GlobalSection(ProjectConfigurationPlatforms) = postSolution
		{031786B8-6BF4-4A9A-B88B-30E583B6AF43}.Debug|Any CPU.ActiveCfg = Debug|Any CPU
		{031786B8-6BF4-4A9A-B88B-30E583B6AF43}.Debug|Any CPU.Build.0 = Debug|Any CPU
		{031786B8-6BF4-4A9A-B88B-30E583B6AF43}.Release|Any CPU.ActiveCfg = Release|Any CPU
		{031786B8-6BF4-4A9A-B88B-30E583B6AF43}.Release|Any CPU.Build.0 = Release|Any CPU
		{32218A8B-026B-4020-B248-28DF004A0854}.Debug|Any CPU.ActiveCfg = Debug|Any CPU
		{32218A8B-026B-4020-B248-28DF004A0854}.Debug|Any CPU.Build.0 = Debug|Any CPU
		{32218A8B-026B-4020-B248-28DF004A0854}.Release|Any CPU.ActiveCfg = Release|Any CPU
		{32218A8B-026B-4020-B248-28DF004A0854}.Release|Any CPU.Build.0 = Release|Any CPU
	EndGlobalSection
	GlobalSection(SolutionProperties) = preSolution
		HideSolutionNode = FALSE
	EndGlobalSection
	GlobalSection(ExtensibilityGlobals) = postSolution
		SolutionGuid = {BE5BF87C-DC2B-493F-A92D-BFEDD69A299E}
	EndGlobalSection
EndGlobal
